
Microsoft Visual Studio Solution File, Format Version 12.00
# Visual Studio Version 16
VisualStudioVersion = 16.0.30225.117
MinimumVisualStudioVersion = 10.0.40219.1
Project("{FAE04EC0-301F-11D3-BF4B-00C04F79EFBC}") = "Exercise09", "Exercise09.csproj", "{13E73051-257D-44B3-83A9-5FA57FA4D057}"
EndProject
Global
	GlobalSection(SolutionConfigurationPlatforms) = preSolution
		Debug|Any CPU = Debug|Any CPU
		Release|Any CPU = Release|Any CPU
	EndGlobalSection
	GlobalSection(ProjectConfigurationPlatforms) = postSolution
		{13E73051-257D-44B3-83A9-5FA57FA4D057}.Debug|Any CPU.ActiveCfg = Debug|Any CPU
		{13E73051-257D-44B3-83A9-5FA57FA4D057}.Debug|Any CPU.Build.0 = Debug|Any CPU
		{13E73051-257D-44B3-83A9-5FA57FA4D057}.Release|Any CPU.ActiveCfg = Release|Any CPU
		{13E73051-257D-44B3-83A9-5FA57FA4D057}.Release|Any CPU.Build.0 = Release|Any CPU
	EndGlobalSection
	GlobalSection(SolutionProperties) = preSolution
		HideSolutionNode = FALSE
	EndGlobalSection
	GlobalSection(ExtensibilityGlobals) = postSolution
		SolutionGuid = {0DF18C2D-A0CC-4290-8BEE-EBDC18B512E5}
	EndGlobalSection
EndGlobal
